PODS:
  - Capacitor (5.5.1):
    - CapacitorCordova
  - CapacitorCordova (5.5.1)
  - CustomLoggerPlugin (0.0.1):
    - Capacitor

DEPENDENCIES:
  - "Capacitor (from `../../node_modules/@capacitor/ios`)"
  - "CapacitorCordova (from `../../node_modules/@capacitor/ios`)"
  - CustomLoggerPlugin (from `../../node_modules/custom-logger-plugin`)

EXTERNAL SOURCES:
  Capacitor:
    :path: "../../node_modules/@capacitor/ios"
  CapacitorCordova:
    :path: "../../node_modules/@capacitor/ios"
  CustomLoggerPlugin:
    :path: "../../node_modules/custom-logger-plugin"

SPEC CHECKSUMS:
  Capacitor: 9da0a2415e3b6098511f8b5ffdb578d91ee79f8f
  CapacitorCordova: e128cc7688c070ca0bfa439898a5f609da8dbcfe
  CustomLoggerPlugin: 75437a78793eef9835739967c2f370c3c2325f66

PODFILE CHECKSUM: eaa175326bae5878c4ea925af5b122f9e598445b

COCOAPODS: 1.12.1
